
Microsoft Visual Studio Solution File, Format Version 12.00
# Visual Studio Version 16
VisualStudioVersion = 16.0.31019.35
MinimumVisualStudioVersion = 10.0.40219.1
Project("{FAE04EC0-301F-11D3-BF4B-00C04F79EFBC}") = "Divisible by 3", "Divisible by 3\Divisible by 3.csproj", "{242E101D-18FC-4FAA-A4D3-73B10657C32C}"
EndProject
Global
	GlobalSection(SolutionConfigurationPlatforms) = preSolution
		Debug|Any CPU = Debug|Any CPU
		Release|Any CPU = Release|Any CPU
	EndGlobalSection
	GlobalSection(ProjectConfigurationPlatforms) = postSolution
		{242E101D-18FC-4FAA-A4D3-73B10657C32C}.Debug|Any CPU.ActiveCfg = Debug|Any CPU
		{242E101D-18FC-4FAA-A4D3-73B10657C32C}.Debug|Any CPU.Build.0 = Debug|Any CPU
		{242E101D-18FC-4FAA-A4D3-73B10657C32C}.Release|Any CPU.ActiveCfg = Release|Any CPU
		{242E101D-18FC-4FAA-A4D3-73B10657C32C}.Release|Any CPU.Build.0 = Release|Any CPU
	EndGlobalSection
	GlobalSection(SolutionProperties) = preSolution
		HideSolutionNode = FALSE
	EndGlobalSection
	GlobalSection(ExtensibilityGlobals) = postSolution
		SolutionGuid = {2D5A0377-B1B5-4013-949F-B5D7912B5273}
	EndGlobalSection
EndGlobal
