
Microsoft Visual Studio Solution File, Format Version 12.00
# Visual Studio Version 16
VisualStudioVersion = 16.0.31129.286
MinimumVisualStudioVersion = 10.0.40219.1
Project("{FAE04EC0-301F-11D3-BF4B-00C04F79EFBC}") = "Sign of Integer Numbers", "Sign of Integer Numbers\Sign of Integer Numbers.csproj", "{A96E5756-96E3-49A4-891F-E070A93E7F0E}"
EndProject
Global
	GlobalSection(SolutionConfigurationPlatforms) = preSolution
		Debug|Any CPU = Debug|Any CPU
		Release|Any CPU = Release|Any CPU
	EndGlobalSection
	GlobalSection(ProjectConfigurationPlatforms) = postSolution
		{A96E5756-96E3-49A4-891F-E070A93E7F0E}.Debug|Any CPU.ActiveCfg = Debug|Any CPU
		{A96E5756-96E3-49A4-891F-E070A93E7F0E}.Debug|Any CPU.Build.0 = Debug|Any CPU
		{A96E5756-96E3-49A4-891F-E070A93E7F0E}.Release|Any CPU.ActiveCfg = Release|Any CPU
		{A96E5756-96E3-49A4-891F-E070A93E7F0E}.Release|Any CPU.Build.0 = Release|Any CPU
	EndGlobalSection
	GlobalSection(SolutionProperties) = preSolution
		HideSolutionNode = FALSE
	EndGlobalSection
	GlobalSection(ExtensibilityGlobals) = postSolution
		SolutionGuid = {FE2BD32C-0246-422E-842D-6233ED9EB4D4}
	EndGlobalSection
EndGlobal
