
Microsoft Visual Studio Solution File, Format Version 12.00
# Visual Studio Version 16
VisualStudioVersion = 16.0.31019.35
MinimumVisualStudioVersion = 10.0.40219.1
Project("{FAE04EC0-301F-11D3-BF4B-00C04F79EFBC}") = "Tennis Ranklist", "Tennis Ranklist\Tennis Ranklist.csproj", "{58B799A2-DF51-44D6-BAA7-C6EB2557672D}"
EndProject
Global
	GlobalSection(SolutionConfigurationPlatforms) = preSolution
		Debug|Any CPU = Debug|Any CPU
		Release|Any CPU = Release|Any CPU
	EndGlobalSection
	GlobalSection(ProjectConfigurationPlatforms) = postSolution
		{58B799A2-DF51-44D6-BAA7-C6EB2557672D}.Debug|Any CPU.ActiveCfg = Debug|Any CPU
		{58B799A2-DF51-44D6-BAA7-C6EB2557672D}.Debug|Any CPU.Build.0 = Debug|Any CPU
		{58B799A2-DF51-44D6-BAA7-C6EB2557672D}.Release|Any CPU.ActiveCfg = Release|Any CPU
		{58B799A2-DF51-44D6-BAA7-C6EB2557672D}.Release|Any CPU.Build.0 = Release|Any CPU
	EndGlobalSection
	GlobalSection(SolutionProperties) = preSolution
		HideSolutionNode = FALSE
	EndGlobalSection
	GlobalSection(ExtensibilityGlobals) = postSolution
		SolutionGuid = {14EA2780-1D32-471E-A281-5C74DCD7E4B5}
	EndGlobalSection
EndGlobal
