
Microsoft Visual Studio Solution File, Format Version 12.00
# Visual Studio Version 16
VisualStudioVersion = 16.0.31129.286
MinimumVisualStudioVersion = 10.0.40219.1
Project("{FAE04EC0-301F-11D3-BF4B-00C04F79EFBC}") = "Merging Lists", "Merging Lists\Merging Lists.csproj", "{F44AE508-E8EF-48FA-B5DE-A1C2722B9EAC}"
EndProject
Global
	GlobalSection(SolutionConfigurationPlatforms) = preSolution
		Debug|Any CPU = Debug|Any CPU
		Release|Any CPU = Release|Any CPU
	EndGlobalSection
	GlobalSection(ProjectConfigurationPlatforms) = postSolution
		{F44AE508-E8EF-48FA-B5DE-A1C2722B9EAC}.Debug|Any CPU.ActiveCfg = Debug|Any CPU
		{F44AE508-E8EF-48FA-B5DE-A1C2722B9EAC}.Debug|Any CPU.Build.0 = Debug|Any CPU
		{F44AE508-E8EF-48FA-B5DE-A1C2722B9EAC}.Release|Any CPU.ActiveCfg = Release|Any CPU
		{F44AE508-E8EF-48FA-B5DE-A1C2722B9EAC}.Release|Any CPU.Build.0 = Release|Any CPU
	EndGlobalSection
	GlobalSection(SolutionProperties) = preSolution
		HideSolutionNode = FALSE
	EndGlobalSection
	GlobalSection(ExtensibilityGlobals) = postSolution
		SolutionGuid = {C18DD5AB-9886-4C62-BA60-568C15E8CEBE}
	EndGlobalSection
EndGlobal
