
Microsoft Visual Studio Solution File, Format Version 12.00
# Visual Studio Version 16
VisualStudioVersion = 16.0.31129.286
MinimumVisualStudioVersion = 10.0.40219.1
Project("{FAE04EC0-301F-11D3-BF4B-00C04F79EFBC}") = "Bomb Numbers", "Bomb Numbers\Bomb Numbers.csproj", "{6545FF09-25FD-487D-AA51-05B8AE3ACBDE}"
EndProject
Global
	GlobalSection(SolutionConfigurationPlatforms) = preSolution
		Debug|Any CPU = Debug|Any CPU
		Release|Any CPU = Release|Any CPU
	EndGlobalSection
	GlobalSection(ProjectConfigurationPlatforms) = postSolution
		{6545FF09-25FD-487D-AA51-05B8AE3ACBDE}.Debug|Any CPU.ActiveCfg = Debug|Any CPU
		{6545FF09-25FD-487D-AA51-05B8AE3ACBDE}.Debug|Any CPU.Build.0 = Debug|Any CPU
		{6545FF09-25FD-487D-AA51-05B8AE3ACBDE}.Release|Any CPU.ActiveCfg = Release|Any CPU
		{6545FF09-25FD-487D-AA51-05B8AE3ACBDE}.Release|Any CPU.Build.0 = Release|Any CPU
	EndGlobalSection
	GlobalSection(SolutionProperties) = preSolution
		HideSolutionNode = FALSE
	EndGlobalSection
	GlobalSection(ExtensibilityGlobals) = postSolution
		SolutionGuid = {7583AE28-A0E3-4017-B43F-A5832F1C9F9C}
	EndGlobalSection
EndGlobal
