
Microsoft Visual Studio Solution File, Format Version 12.00
# Visual Studio Version 16
VisualStudioVersion = 16.0.31129.286
MinimumVisualStudioVersion = 10.0.40219.1
Project("{FAE04EC0-301F-11D3-BF4B-00C04F79EFBC}") = "Student Academy", "Student Academy\Student Academy.csproj", "{B42F1343-256E-4412-9FBF-817DF1EA18FE}"
EndProject
Global
	GlobalSection(SolutionConfigurationPlatforms) = preSolution
		Debug|Any CPU = Debug|Any CPU
		Release|Any CPU = Release|Any CPU
	EndGlobalSection
	GlobalSection(ProjectConfigurationPlatforms) = postSolution
		{B42F1343-256E-4412-9FBF-817DF1EA18FE}.Debug|Any CPU.ActiveCfg = Debug|Any CPU
		{B42F1343-256E-4412-9FBF-817DF1EA18FE}.Debug|Any CPU.Build.0 = Debug|Any CPU
		{B42F1343-256E-4412-9FBF-817DF1EA18FE}.Release|Any CPU.ActiveCfg = Release|Any CPU
		{B42F1343-256E-4412-9FBF-817DF1EA18FE}.Release|Any CPU.Build.0 = Release|Any CPU
	EndGlobalSection
	GlobalSection(SolutionProperties) = preSolution
		HideSolutionNode = FALSE
	EndGlobalSection
	GlobalSection(ExtensibilityGlobals) = postSolution
		SolutionGuid = {B1D9EB3C-598C-4AAF-B64D-634B171268CF}
	EndGlobalSection
EndGlobal
