
Microsoft Visual Studio Solution File, Format Version 12.00
# Visual Studio Version 16
VisualStudioVersion = 16.0.31129.286
MinimumVisualStudioVersion = 10.0.40219.1
Project("{FAE04EC0-301F-11D3-BF4B-00C04F79EFBC}") = "Condense Array to Number", "Condense Array to Number\Condense Array to Number.csproj", "{2BE86D05-D8AF-41DE-AC8A-33CE7C3E0555}"
EndProject
Global
	GlobalSection(SolutionConfigurationPlatforms) = preSolution
		Debug|Any CPU = Debug|Any CPU
		Release|Any CPU = Release|Any CPU
	EndGlobalSection
	GlobalSection(ProjectConfigurationPlatforms) = postSolution
		{2BE86D05-D8AF-41DE-AC8A-33CE7C3E0555}.Debug|Any CPU.ActiveCfg = Debug|Any CPU
		{2BE86D05-D8AF-41DE-AC8A-33CE7C3E0555}.Debug|Any CPU.Build.0 = Debug|Any CPU
		{2BE86D05-D8AF-41DE-AC8A-33CE7C3E0555}.Release|Any CPU.ActiveCfg = Release|Any CPU
		{2BE86D05-D8AF-41DE-AC8A-33CE7C3E0555}.Release|Any CPU.Build.0 = Release|Any CPU
	EndGlobalSection
	GlobalSection(SolutionProperties) = preSolution
		HideSolutionNode = FALSE
	EndGlobalSection
	GlobalSection(ExtensibilityGlobals) = postSolution
		SolutionGuid = {B4E78940-92EB-4A04-90B1-30B95C580ADC}
	EndGlobalSection
EndGlobal
