
Microsoft Visual Studio Solution File, Format Version 12.00
# Visual Studio Version 16
VisualStudioVersion = 16.0.31129.286
MinimumVisualStudioVersion = 10.0.40219.1
Project("{FAE04EC0-301F-11D3-BF4B-00C04F79EFBC}") = "NxN Matrix", "NxN Matrix\NxN Matrix.csproj", "{99B4E454-CF08-4C79-9BCF-65B83F6C28AA}"
EndProject
Global
	GlobalSection(SolutionConfigurationPlatforms) = preSolution
		Debug|Any CPU = Debug|Any CPU
		Release|Any CPU = Release|Any CPU
	EndGlobalSection
	GlobalSection(ProjectConfigurationPlatforms) = postSolution
		{99B4E454-CF08-4C79-9BCF-65B83F6C28AA}.Debug|Any CPU.ActiveCfg = Debug|Any CPU
		{99B4E454-CF08-4C79-9BCF-65B83F6C28AA}.Debug|Any CPU.Build.0 = Debug|Any CPU
		{99B4E454-CF08-4C79-9BCF-65B83F6C28AA}.Release|Any CPU.ActiveCfg = Release|Any CPU
		{99B4E454-CF08-4C79-9BCF-65B83F6C28AA}.Release|Any CPU.Build.0 = Release|Any CPU
	EndGlobalSection
	GlobalSection(SolutionProperties) = preSolution
		HideSolutionNode = FALSE
	EndGlobalSection
	GlobalSection(ExtensibilityGlobals) = postSolution
		SolutionGuid = {58883032-D9E2-49B3-A29E-F2C28D56A5A5}
	EndGlobalSection
EndGlobal
