
Microsoft Visual Studio Solution File, Format Version 12.00
# Visual Studio Version 16
VisualStudioVersion = 16.0.31129.286
MinimumVisualStudioVersion = 10.0.40219.1
Project("{FAE04EC0-301F-11D3-BF4B-00C04F79EFBC}") = "Letters Change Numbers", "Letters Change Numbers\Letters Change Numbers.csproj", "{95AB6F44-44F2-443B-BABC-FD6D2364E6C8}"
EndProject
Global
	GlobalSection(SolutionConfigurationPlatforms) = preSolution
		Debug|Any CPU = Debug|Any CPU
		Release|Any CPU = Release|Any CPU
	EndGlobalSection
	GlobalSection(ProjectConfigurationPlatforms) = postSolution
		{95AB6F44-44F2-443B-BABC-FD6D2364E6C8}.Debug|Any CPU.ActiveCfg = Debug|Any CPU
		{95AB6F44-44F2-443B-BABC-FD6D2364E6C8}.Debug|Any CPU.Build.0 = Debug|Any CPU
		{95AB6F44-44F2-443B-BABC-FD6D2364E6C8}.Release|Any CPU.ActiveCfg = Release|Any CPU
		{95AB6F44-44F2-443B-BABC-FD6D2364E6C8}.Release|Any CPU.Build.0 = Release|Any CPU
	EndGlobalSection
	GlobalSection(SolutionProperties) = preSolution
		HideSolutionNode = FALSE
	EndGlobalSection
	GlobalSection(ExtensibilityGlobals) = postSolution
		SolutionGuid = {134CD423-FC63-4A18-8D40-99299A4F8FC0}
	EndGlobalSection
EndGlobal
