
Microsoft Visual Studio Solution File, Format Version 12.00
# Visual Studio Version 16
VisualStudioVersion = 16.0.31019.35
MinimumVisualStudioVersion = 10.0.40219.1
Project("{FAE04EC0-301F-11D3-BF4B-00C04F79EFBC}") = "Concatenate Data", "Concatenate Data\Concatenate Data.csproj", "{D7ED5648-E4EE-4F9E-B700-E73BE310E4FB}"
EndProject
Global
	GlobalSection(SolutionConfigurationPlatforms) = preSolution
		Debug|Any CPU = Debug|Any CPU
		Release|Any CPU = Release|Any CPU
	EndGlobalSection
	GlobalSection(ProjectConfigurationPlatforms) = postSolution
		{D7ED5648-E4EE-4F9E-B700-E73BE310E4FB}.Debug|Any CPU.ActiveCfg = Debug|Any CPU
		{D7ED5648-E4EE-4F9E-B700-E73BE310E4FB}.Debug|Any CPU.Build.0 = Debug|Any CPU
		{D7ED5648-E4EE-4F9E-B700-E73BE310E4FB}.Release|Any CPU.ActiveCfg = Release|Any CPU
		{D7ED5648-E4EE-4F9E-B700-E73BE310E4FB}.Release|Any CPU.Build.0 = Release|Any CPU
	EndGlobalSection
	GlobalSection(SolutionProperties) = preSolution
		HideSolutionNode = FALSE
	EndGlobalSection
	GlobalSection(ExtensibilityGlobals) = postSolution
		SolutionGuid = {2056E020-3B46-4D1B-B242-5F14F7FB3AE7}
	EndGlobalSection
EndGlobal
