
Microsoft Visual Studio Solution File, Format Version 12.00
# Visual Studio Version 16
VisualStudioVersion = 16.0.31019.35
MinimumVisualStudioVersion = 10.0.40219.1
Project("{FAE04EC0-301F-11D3-BF4B-00C04F79EFBC}") = "Series", "Series\Series.csproj", "{90D66F94-A03F-46B7-A40D-FFA890319393}"
EndProject
Global
	GlobalSection(SolutionConfigurationPlatforms) = preSolution
		Debug|Any CPU = Debug|Any CPU
		Release|Any CPU = Release|Any CPU
	EndGlobalSection
	GlobalSection(ProjectConfigurationPlatforms) = postSolution
		{90D66F94-A03F-46B7-A40D-FFA890319393}.Debug|Any CPU.ActiveCfg = Debug|Any CPU
		{90D66F94-A03F-46B7-A40D-FFA890319393}.Debug|Any CPU.Build.0 = Debug|Any CPU
		{90D66F94-A03F-46B7-A40D-FFA890319393}.Release|Any CPU.ActiveCfg = Release|Any CPU
		{90D66F94-A03F-46B7-A40D-FFA890319393}.Release|Any CPU.Build.0 = Release|Any CPU
	EndGlobalSection
	GlobalSection(SolutionProperties) = preSolution
		HideSolutionNode = FALSE
	EndGlobalSection
	GlobalSection(ExtensibilityGlobals) = postSolution
		SolutionGuid = {1F1DBC13-4AD6-496C-B62B-7ACA2F9B4E8D}
	EndGlobalSection
EndGlobal
