
Microsoft Visual Studio Solution File, Format Version 12.00
# Visual Studio Version 16
VisualStudioVersion = 16.0.31129.286
MinimumVisualStudioVersion = 10.0.40219.1
Project("{FAE04EC0-301F-11D3-BF4B-00C04F79EFBC}") = "Word Synonyms", "Word Synonyms\Word Synonyms.csproj", "{F4D91BE0-FD8F-4754-B58C-5FE1BE547EEA}"
EndProject
Global
	GlobalSection(SolutionConfigurationPlatforms) = preSolution
		Debug|Any CPU = Debug|Any CPU
		Release|Any CPU = Release|Any CPU
	EndGlobalSection
	GlobalSection(ProjectConfigurationPlatforms) = postSolution
		{F4D91BE0-FD8F-4754-B58C-5FE1BE547EEA}.Debug|Any CPU.ActiveCfg = Debug|Any CPU
		{F4D91BE0-FD8F-4754-B58C-5FE1BE547EEA}.Debug|Any CPU.Build.0 = Debug|Any CPU
		{F4D91BE0-FD8F-4754-B58C-5FE1BE547EEA}.Release|Any CPU.ActiveCfg = Release|Any CPU
		{F4D91BE0-FD8F-4754-B58C-5FE1BE547EEA}.Release|Any CPU.Build.0 = Release|Any CPU
	EndGlobalSection
	GlobalSection(SolutionProperties) = preSolution
		HideSolutionNode = FALSE
	EndGlobalSection
	GlobalSection(ExtensibilityGlobals) = postSolution
		SolutionGuid = {3398B180-68FA-4889-AC85-C15D02EADB99}
	EndGlobalSection
EndGlobal
