
Microsoft Visual Studio Solution File, Format Version 12.00
# Visual Studio Version 16
VisualStudioVersion = 16.0.31129.286
MinimumVisualStudioVersion = 10.0.40219.1
Project("{FAE04EC0-301F-11D3-BF4B-00C04F79EFBC}") = "Calculations", "Calculations\Calculations.csproj", "{FF0BD612-092C-4F1C-83BF-DF501722591F}"
EndProject
Global
	GlobalSection(SolutionConfigurationPlatforms) = preSolution
		Debug|Any CPU = Debug|Any CPU
		Release|Any CPU = Release|Any CPU
	EndGlobalSection
	GlobalSection(ProjectConfigurationPlatforms) = postSolution
		{FF0BD612-092C-4F1C-83BF-DF501722591F}.Debug|Any CPU.ActiveCfg = Debug|Any CPU
		{FF0BD612-092C-4F1C-83BF-DF501722591F}.Debug|Any CPU.Build.0 = Debug|Any CPU
		{FF0BD612-092C-4F1C-83BF-DF501722591F}.Release|Any CPU.ActiveCfg = Release|Any CPU
		{FF0BD612-092C-4F1C-83BF-DF501722591F}.Release|Any CPU.Build.0 = Release|Any CPU
	EndGlobalSection
	GlobalSection(SolutionProperties) = preSolution
		HideSolutionNode = FALSE
	EndGlobalSection
	GlobalSection(ExtensibilityGlobals) = postSolution
		SolutionGuid = {457D38CE-ED33-4D97-8FF7-8C8385A4C39F}
	EndGlobalSection
EndGlobal
