
Microsoft Visual Studio Solution File, Format Version 12.00
# Visual Studio Version 16
VisualStudioVersion = 16.0.31129.286
MinimumVisualStudioVersion = 10.0.40219.1
Project("{FAE04EC0-301F-11D3-BF4B-00C04F79EFBC}") = "Repeat Strings", "Repeat Strings\Repeat Strings.csproj", "{68AD5E7D-7C6E-4E48-B4CF-CAE8E6F48A0C}"
EndProject
Global
	GlobalSection(SolutionConfigurationPlatforms) = preSolution
		Debug|Any CPU = Debug|Any CPU
		Release|Any CPU = Release|Any CPU
	EndGlobalSection
	GlobalSection(ProjectConfigurationPlatforms) = postSolution
		{68AD5E7D-7C6E-4E48-B4CF-CAE8E6F48A0C}.Debug|Any CPU.ActiveCfg = Debug|Any CPU
		{68AD5E7D-7C6E-4E48-B4CF-CAE8E6F48A0C}.Debug|Any CPU.Build.0 = Debug|Any CPU
		{68AD5E7D-7C6E-4E48-B4CF-CAE8E6F48A0C}.Release|Any CPU.ActiveCfg = Release|Any CPU
		{68AD5E7D-7C6E-4E48-B4CF-CAE8E6F48A0C}.Release|Any CPU.Build.0 = Release|Any CPU
	EndGlobalSection
	GlobalSection(SolutionProperties) = preSolution
		HideSolutionNode = FALSE
	EndGlobalSection
	GlobalSection(ExtensibilityGlobals) = postSolution
		SolutionGuid = {D06FC054-F6E1-4399-B746-FA9C04FCF51E}
	EndGlobalSection
EndGlobal
