
Microsoft Visual Studio Solution File, Format Version 12.00
# Visual Studio Version 16
VisualStudioVersion = 16.0.31019.35
MinimumVisualStudioVersion = 10.0.40219.1
Project("{FAE04EC0-301F-11D3-BF4B-00C04F79EFBC}") = "Numbers Divided by 3 Without Reminder", "Numbers Divided by 3 Without Reminder\Numbers Divided by 3 Without Reminder.csproj", "{3C776F1C-1A8D-410D-9AA7-D3D4EFF08A73}"
EndProject
Global
	GlobalSection(SolutionConfigurationPlatforms) = preSolution
		Debug|Any CPU = Debug|Any CPU
		Release|Any CPU = Release|Any CPU
	EndGlobalSection
	GlobalSection(ProjectConfigurationPlatforms) = postSolution
		{3C776F1C-1A8D-410D-9AA7-D3D4EFF08A73}.Debug|Any CPU.ActiveCfg = Debug|Any CPU
		{3C776F1C-1A8D-410D-9AA7-D3D4EFF08A73}.Debug|Any CPU.Build.0 = Debug|Any CPU
		{3C776F1C-1A8D-410D-9AA7-D3D4EFF08A73}.Release|Any CPU.ActiveCfg = Release|Any CPU
		{3C776F1C-1A8D-410D-9AA7-D3D4EFF08A73}.Release|Any CPU.Build.0 = Release|Any CPU
	EndGlobalSection
	GlobalSection(SolutionProperties) = preSolution
		HideSolutionNode = FALSE
	EndGlobalSection
	GlobalSection(ExtensibilityGlobals) = postSolution
		SolutionGuid = {79849553-EC49-4F76-9FE3-2EDCFE1C600E}
	EndGlobalSection
EndGlobal
