
Microsoft Visual Studio Solution File, Format Version 12.00
# Visual Studio Version 16
VisualStudioVersion = 16.0.31129.286
MinimumVisualStudioVersion = 10.0.40219.1
Project("{FAE04EC0-301F-11D3-BF4B-00C04F79EFBC}") = "Sum Even Numbers", "Sum Even Numbers\Sum Even Numbers.csproj", "{20542401-6A53-4125-BB54-652487D94F55}"
EndProject
Global
	GlobalSection(SolutionConfigurationPlatforms) = preSolution
		Debug|Any CPU = Debug|Any CPU
		Release|Any CPU = Release|Any CPU
	EndGlobalSection
	GlobalSection(ProjectConfigurationPlatforms) = postSolution
		{20542401-6A53-4125-BB54-652487D94F55}.Debug|Any CPU.ActiveCfg = Debug|Any CPU
		{20542401-6A53-4125-BB54-652487D94F55}.Debug|Any CPU.Build.0 = Debug|Any CPU
		{20542401-6A53-4125-BB54-652487D94F55}.Release|Any CPU.ActiveCfg = Release|Any CPU
		{20542401-6A53-4125-BB54-652487D94F55}.Release|Any CPU.Build.0 = Release|Any CPU
	EndGlobalSection
	GlobalSection(SolutionProperties) = preSolution
		HideSolutionNode = FALSE
	EndGlobalSection
	GlobalSection(ExtensibilityGlobals) = postSolution
		SolutionGuid = {3271F0AD-E427-4F45-A24D-EAB61CF45EB7}
	EndGlobalSection
EndGlobal
