
Microsoft Visual Studio Solution File, Format Version 12.00
# Visual Studio Version 16
VisualStudioVersion = 16.0.31129.286
MinimumVisualStudioVersion = 10.0.40219.1
Project("{FAE04EC0-301F-11D3-BF4B-00C04F79EFBC}") = "Sum Adjacent Equal Numbers", "Sum Adjacent Equal Numbers\Sum Adjacent Equal Numbers.csproj", "{C006683D-6CE5-4E85-8CA6-292778393AE5}"
EndProject
Global
	GlobalSection(SolutionConfigurationPlatforms) = preSolution
		Debug|Any CPU = Debug|Any CPU
		Release|Any CPU = Release|Any CPU
	EndGlobalSection
	GlobalSection(ProjectConfigurationPlatforms) = postSolution
		{C006683D-6CE5-4E85-8CA6-292778393AE5}.Debug|Any CPU.ActiveCfg = Debug|Any CPU
		{C006683D-6CE5-4E85-8CA6-292778393AE5}.Debug|Any CPU.Build.0 = Debug|Any CPU
		{C006683D-6CE5-4E85-8CA6-292778393AE5}.Release|Any CPU.ActiveCfg = Release|Any CPU
		{C006683D-6CE5-4E85-8CA6-292778393AE5}.Release|Any CPU.Build.0 = Release|Any CPU
	EndGlobalSection
	GlobalSection(SolutionProperties) = preSolution
		HideSolutionNode = FALSE
	EndGlobalSection
	GlobalSection(ExtensibilityGlobals) = postSolution
		SolutionGuid = {D45C98F0-2785-4F05-9C7A-8D66926BFAF7}
	EndGlobalSection
EndGlobal
