
Microsoft Visual Studio Solution File, Format Version 12.00
# Visual Studio Version 16
VisualStudioVersion = 16.0.31129.286
MinimumVisualStudioVersion = 10.0.40219.1
Project("{FAE04EC0-301F-11D3-BF4B-00C04F79EFBC}") = "SnowBalls2", "SnowBalls2\SnowBalls2.csproj", "{1AC8952C-413F-404E-A23C-9F8293043CC1}"
EndProject
Global
	GlobalSection(SolutionConfigurationPlatforms) = preSolution
		Debug|Any CPU = Debug|Any CPU
		Release|Any CPU = Release|Any CPU
	EndGlobalSection
	GlobalSection(ProjectConfigurationPlatforms) = postSolution
		{1AC8952C-413F-404E-A23C-9F8293043CC1}.Debug|Any CPU.ActiveCfg = Debug|Any CPU
		{1AC8952C-413F-404E-A23C-9F8293043CC1}.Debug|Any CPU.Build.0 = Debug|Any CPU
		{1AC8952C-413F-404E-A23C-9F8293043CC1}.Release|Any CPU.ActiveCfg = Release|Any CPU
		{1AC8952C-413F-404E-A23C-9F8293043CC1}.Release|Any CPU.Build.0 = Release|Any CPU
	EndGlobalSection
	GlobalSection(SolutionProperties) = preSolution
		HideSolutionNode = FALSE
	EndGlobalSection
	GlobalSection(ExtensibilityGlobals) = postSolution
		SolutionGuid = {29A46CAF-89DA-4053-A5FB-93623DE6417F}
	EndGlobalSection
EndGlobal
