
Microsoft Visual Studio Solution File, Format Version 12.00
# Visual Studio Version 16
VisualStudioVersion = 16.0.31129.286
MinimumVisualStudioVersion = 10.0.40219.1
Project("{FAE04EC0-301F-11D3-BF4B-00C04F79EFBC}") = "Equal Arrays", "Equal Arrays\Equal Arrays.csproj", "{8010E96B-292C-409F-8694-248F0A911216}"
EndProject
Global
	GlobalSection(SolutionConfigurationPlatforms) = preSolution
		Debug|Any CPU = Debug|Any CPU
		Release|Any CPU = Release|Any CPU
	EndGlobalSection
	GlobalSection(ProjectConfigurationPlatforms) = postSolution
		{8010E96B-292C-409F-8694-248F0A911216}.Debug|Any CPU.ActiveCfg = Debug|Any CPU
		{8010E96B-292C-409F-8694-248F0A911216}.Debug|Any CPU.Build.0 = Debug|Any CPU
		{8010E96B-292C-409F-8694-248F0A911216}.Release|Any CPU.ActiveCfg = Release|Any CPU
		{8010E96B-292C-409F-8694-248F0A911216}.Release|Any CPU.Build.0 = Release|Any CPU
	EndGlobalSection
	GlobalSection(SolutionProperties) = preSolution
		HideSolutionNode = FALSE
	EndGlobalSection
	GlobalSection(ExtensibilityGlobals) = postSolution
		SolutionGuid = {AF42927C-5D0F-4607-A3F2-F4ED37191B89}
	EndGlobalSection
EndGlobal
