
Microsoft Visual Studio Solution File, Format Version 12.00
# Visual Studio Version 16
VisualStudioVersion = 16.0.31019.35
MinimumVisualStudioVersion = 10.0.40219.1
Project("{FAE04EC0-301F-11D3-BF4B-00C04F79EFBC}") = "Godzilla vs. Kong", "Godzilla vs. Kong\Godzilla vs. Kong.csproj", "{C493047B-DA3B-4415-A894-F6031069942E}"
EndProject
Global
	GlobalSection(SolutionConfigurationPlatforms) = preSolution
		Debug|Any CPU = Debug|Any CPU
		Release|Any CPU = Release|Any CPU
	EndGlobalSection
	GlobalSection(ProjectConfigurationPlatforms) = postSolution
		{C493047B-DA3B-4415-A894-F6031069942E}.Debug|Any CPU.ActiveCfg = Debug|Any CPU
		{C493047B-DA3B-4415-A894-F6031069942E}.Debug|Any CPU.Build.0 = Debug|Any CPU
		{C493047B-DA3B-4415-A894-F6031069942E}.Release|Any CPU.ActiveCfg = Release|Any CPU
		{C493047B-DA3B-4415-A894-F6031069942E}.Release|Any CPU.Build.0 = Release|Any CPU
	EndGlobalSection
	GlobalSection(SolutionProperties) = preSolution
		HideSolutionNode = FALSE
	EndGlobalSection
	GlobalSection(ExtensibilityGlobals) = postSolution
		SolutionGuid = {6BC9FB8D-D2D7-48EF-AD1D-72A48314FBE0}
	EndGlobalSection
EndGlobal
