
Microsoft Visual Studio Solution File, Format Version 12.00
# Visual Studio Version 16
VisualStudioVersion = 16.0.31019.35
MinimumVisualStudioVersion = 10.0.40219.1
Project("{FAE04EC0-301F-11D3-BF4B-00C04F79EFBC}") = "Area of Figures", "Area of Figures\Area of Figures.csproj", "{10666BF3-2DC0-4E2C-8698-02C58564E889}"
EndProject
Global
	GlobalSection(SolutionConfigurationPlatforms) = preSolution
		Debug|Any CPU = Debug|Any CPU
		Release|Any CPU = Release|Any CPU
	EndGlobalSection
	GlobalSection(ProjectConfigurationPlatforms) = postSolution
		{10666BF3-2DC0-4E2C-8698-02C58564E889}.Debug|Any CPU.ActiveCfg = Debug|Any CPU
		{10666BF3-2DC0-4E2C-8698-02C58564E889}.Debug|Any CPU.Build.0 = Debug|Any CPU
		{10666BF3-2DC0-4E2C-8698-02C58564E889}.Release|Any CPU.ActiveCfg = Release|Any CPU
		{10666BF3-2DC0-4E2C-8698-02C58564E889}.Release|Any CPU.Build.0 = Release|Any CPU
	EndGlobalSection
	GlobalSection(SolutionProperties) = preSolution
		HideSolutionNode = FALSE
	EndGlobalSection
	GlobalSection(ExtensibilityGlobals) = postSolution
		SolutionGuid = {DFE99B32-3969-4A4A-B075-2F8662AA57D9}
	EndGlobalSection
EndGlobal
