
Microsoft Visual Studio Solution File, Format Version 12.00
# Visual Studio Version 16
VisualStudioVersion = 16.0.31129.286
MinimumVisualStudioVersion = 10.0.40219.1
Project("{FAE04EC0-301F-11D3-BF4B-00C04F79EFBC}") = "Vowels Count", "Vowels Count\Vowels Count.csproj", "{BC4D1D7E-882D-410C-95E4-382DA2EC4DC6}"
EndProject
Global
	GlobalSection(SolutionConfigurationPlatforms) = preSolution
		Debug|Any CPU = Debug|Any CPU
		Release|Any CPU = Release|Any CPU
	EndGlobalSection
	GlobalSection(ProjectConfigurationPlatforms) = postSolution
		{BC4D1D7E-882D-410C-95E4-382DA2EC4DC6}.Debug|Any CPU.ActiveCfg = Debug|Any CPU
		{BC4D1D7E-882D-410C-95E4-382DA2EC4DC6}.Debug|Any CPU.Build.0 = Debug|Any CPU
		{BC4D1D7E-882D-410C-95E4-382DA2EC4DC6}.Release|Any CPU.ActiveCfg = Release|Any CPU
		{BC4D1D7E-882D-410C-95E4-382DA2EC4DC6}.Release|Any CPU.Build.0 = Release|Any CPU
	EndGlobalSection
	GlobalSection(SolutionProperties) = preSolution
		HideSolutionNode = FALSE
	EndGlobalSection
	GlobalSection(ExtensibilityGlobals) = postSolution
		SolutionGuid = {F5D2DA8D-C806-4EA4-92D4-EAD666CFD9AC}
	EndGlobalSection
EndGlobal
