
Microsoft Visual Studio Solution File, Format Version 12.00
# Visual Studio Version 16
VisualStudioVersion = 16.0.31019.35
MinimumVisualStudioVersion = 10.0.40219.1
Project("{FAE04EC0-301F-11D3-BF4B-00C04F79EFBC}") = "Coins", "Coins\Coins.csproj", "{A8EA7EBD-4FD6-4784-A99A-F2FBACDEF00D}"
EndProject
Global
	GlobalSection(SolutionConfigurationPlatforms) = preSolution
		Debug|Any CPU = Debug|Any CPU
		Release|Any CPU = Release|Any CPU
	EndGlobalSection
	GlobalSection(ProjectConfigurationPlatforms) = postSolution
		{A8EA7EBD-4FD6-4784-A99A-F2FBACDEF00D}.Debug|Any CPU.ActiveCfg = Debug|Any CPU
		{A8EA7EBD-4FD6-4784-A99A-F2FBACDEF00D}.Debug|Any CPU.Build.0 = Debug|Any CPU
		{A8EA7EBD-4FD6-4784-A99A-F2FBACDEF00D}.Release|Any CPU.ActiveCfg = Release|Any CPU
		{A8EA7EBD-4FD6-4784-A99A-F2FBACDEF00D}.Release|Any CPU.Build.0 = Release|Any CPU
	EndGlobalSection
	GlobalSection(SolutionProperties) = preSolution
		HideSolutionNode = FALSE
	EndGlobalSection
	GlobalSection(ExtensibilityGlobals) = postSolution
		SolutionGuid = {3BA87489-F2A6-40E8-9FE7-67F980E05B94}
	EndGlobalSection
EndGlobal
