
Microsoft Visual Studio Solution File, Format Version 12.00
# Visual Studio Version 16
VisualStudioVersion = 16.0.31019.35
MinimumVisualStudioVersion = 10.0.40219.1
Project("{FAE04EC0-301F-11D3-BF4B-00C04F79EFBC}") = "Rounding Numbers", "Rounding Numbers\Rounding Numbers.csproj", "{7DEEC276-7081-4C74-8E95-119E9C73C793}"
EndProject
Global
	GlobalSection(SolutionConfigurationPlatforms) = preSolution
		Debug|Any CPU = Debug|Any CPU
		Release|Any CPU = Release|Any CPU
	EndGlobalSection
	GlobalSection(ProjectConfigurationPlatforms) = postSolution
		{7DEEC276-7081-4C74-8E95-119E9C73C793}.Debug|Any CPU.ActiveCfg = Debug|Any CPU
		{7DEEC276-7081-4C74-8E95-119E9C73C793}.Debug|Any CPU.Build.0 = Debug|Any CPU
		{7DEEC276-7081-4C74-8E95-119E9C73C793}.Release|Any CPU.ActiveCfg = Release|Any CPU
		{7DEEC276-7081-4C74-8E95-119E9C73C793}.Release|Any CPU.Build.0 = Release|Any CPU
	EndGlobalSection
	GlobalSection(SolutionProperties) = preSolution
		HideSolutionNode = FALSE
	EndGlobalSection
	GlobalSection(ExtensibilityGlobals) = postSolution
		SolutionGuid = {65A71D0F-CD3E-45F2-81F9-66029D62B1E1}
	EndGlobalSection
EndGlobal
