
Microsoft Visual Studio Solution File, Format Version 12.00
# Visual Studio Version 16
VisualStudioVersion = 16.0.31019.35
MinimumVisualStudioVersion = 10.0.40219.1
Project("{FAE04EC0-301F-11D3-BF4B-00C04F79EFBC}") = "Greeting by Name", "Greeting by Name\Greeting by Name.csproj", "{180D89DB-6C3E-4953-8651-8D3EE6786279}"
EndProject
Global
	GlobalSection(SolutionConfigurationPlatforms) = preSolution
		Debug|Any CPU = Debug|Any CPU
		Release|Any CPU = Release|Any CPU
	EndGlobalSection
	GlobalSection(ProjectConfigurationPlatforms) = postSolution
		{180D89DB-6C3E-4953-8651-8D3EE6786279}.Debug|Any CPU.ActiveCfg = Debug|Any CPU
		{180D89DB-6C3E-4953-8651-8D3EE6786279}.Debug|Any CPU.Build.0 = Debug|Any CPU
		{180D89DB-6C3E-4953-8651-8D3EE6786279}.Release|Any CPU.ActiveCfg = Release|Any CPU
		{180D89DB-6C3E-4953-8651-8D3EE6786279}.Release|Any CPU.Build.0 = Release|Any CPU
	EndGlobalSection
	GlobalSection(SolutionProperties) = preSolution
		HideSolutionNode = FALSE
	EndGlobalSection
	GlobalSection(ExtensibilityGlobals) = postSolution
		SolutionGuid = {D8D71C63-8FCC-4719-A1EF-1A83FA384A72}
	EndGlobalSection
EndGlobal
