
Microsoft Visual Studio Solution File, Format Version 12.00
# Visual Studio Version 16
VisualStudioVersion = 16.0.31129.286
MinimumVisualStudioVersion = 10.0.40219.1
Project("{FAE04EC0-301F-11D3-BF4B-00C04F79EFBC}") = "Train", "Train\Train.csproj", "{A764DC8B-41AF-465F-AA8C-973C78775424}"
EndProject
Global
	GlobalSection(SolutionConfigurationPlatforms) = preSolution
		Debug|Any CPU = Debug|Any CPU
		Release|Any CPU = Release|Any CPU
	EndGlobalSection
	GlobalSection(ProjectConfigurationPlatforms) = postSolution
		{A764DC8B-41AF-465F-AA8C-973C78775424}.Debug|Any CPU.ActiveCfg = Debug|Any CPU
		{A764DC8B-41AF-465F-AA8C-973C78775424}.Debug|Any CPU.Build.0 = Debug|Any CPU
		{A764DC8B-41AF-465F-AA8C-973C78775424}.Release|Any CPU.ActiveCfg = Release|Any CPU
		{A764DC8B-41AF-465F-AA8C-973C78775424}.Release|Any CPU.Build.0 = Release|Any CPU
	EndGlobalSection
	GlobalSection(SolutionProperties) = preSolution
		HideSolutionNode = FALSE
	EndGlobalSection
	GlobalSection(ExtensibilityGlobals) = postSolution
		SolutionGuid = {536E7F9B-952C-44A3-BF90-1C28234890F9}
	EndGlobalSection
EndGlobal
