
Microsoft Visual Studio Solution File, Format Version 12.00
# Visual Studio Version 16
VisualStudioVersion = 16.0.31129.286
MinimumVisualStudioVersion = 10.0.40219.1
Project("{FAE04EC0-301F-11D3-BF4B-00C04F79EFBC}") = "Top Number", "Top Number\Top Number.csproj", "{09F9D484-541D-4379-9370-D898EF1C7DDA}"
EndProject
Global
	GlobalSection(SolutionConfigurationPlatforms) = preSolution
		Debug|Any CPU = Debug|Any CPU
		Release|Any CPU = Release|Any CPU
	EndGlobalSection
	GlobalSection(ProjectConfigurationPlatforms) = postSolution
		{09F9D484-541D-4379-9370-D898EF1C7DDA}.Debug|Any CPU.ActiveCfg = Debug|Any CPU
		{09F9D484-541D-4379-9370-D898EF1C7DDA}.Debug|Any CPU.Build.0 = Debug|Any CPU
		{09F9D484-541D-4379-9370-D898EF1C7DDA}.Release|Any CPU.ActiveCfg = Release|Any CPU
		{09F9D484-541D-4379-9370-D898EF1C7DDA}.Release|Any CPU.Build.0 = Release|Any CPU
	EndGlobalSection
	GlobalSection(SolutionProperties) = preSolution
		HideSolutionNode = FALSE
	EndGlobalSection
	GlobalSection(ExtensibilityGlobals) = postSolution
		SolutionGuid = {288D3B33-292A-4205-BC6C-4C5273D3518E}
	EndGlobalSection
EndGlobal
