
Microsoft Visual Studio Solution File, Format Version 12.00
# Visual Studio Version 16
VisualStudioVersion = 16.0.31019.35
MinimumVisualStudioVersion = 10.0.40219.1
Project("{FAE04EC0-301F-11D3-BF4B-00C04F79EFBC}") = "Elevator", "Elevator\Elevator.csproj", "{F232B5C8-53CA-49E4-BD27-E13BA07FBA0A}"
EndProject
Global
	GlobalSection(SolutionConfigurationPlatforms) = preSolution
		Debug|Any CPU = Debug|Any CPU
		Release|Any CPU = Release|Any CPU
	EndGlobalSection
	GlobalSection(ProjectConfigurationPlatforms) = postSolution
		{F232B5C8-53CA-49E4-BD27-E13BA07FBA0A}.Debug|Any CPU.ActiveCfg = Debug|Any CPU
		{F232B5C8-53CA-49E4-BD27-E13BA07FBA0A}.Debug|Any CPU.Build.0 = Debug|Any CPU
		{F232B5C8-53CA-49E4-BD27-E13BA07FBA0A}.Release|Any CPU.ActiveCfg = Release|Any CPU
		{F232B5C8-53CA-49E4-BD27-E13BA07FBA0A}.Release|Any CPU.Build.0 = Release|Any CPU
	EndGlobalSection
	GlobalSection(SolutionProperties) = preSolution
		HideSolutionNode = FALSE
	EndGlobalSection
	GlobalSection(ExtensibilityGlobals) = postSolution
		SolutionGuid = {CD0E2233-43FE-41F9-BB27-95A12B429AC0}
	EndGlobalSection
EndGlobal
