
Microsoft Visual Studio Solution File, Format Version 12.00
# Visual Studio Version 16
VisualStudioVersion = 16.0.31019.35
MinimumVisualStudioVersion = 10.0.40219.1
Project("{FAE04EC0-301F-11D3-BF4B-00C04F79EFBC}") = "Number 100.200", "Number 100.200\Number 100.200.csproj", "{EA343939-EE54-45EA-BCB1-9E2ABF6B4EEA}"
EndProject
Global
	GlobalSection(SolutionConfigurationPlatforms) = preSolution
		Debug|Any CPU = Debug|Any CPU
		Release|Any CPU = Release|Any CPU
	EndGlobalSection
	GlobalSection(ProjectConfigurationPlatforms) = postSolution
		{EA343939-EE54-45EA-BCB1-9E2ABF6B4EEA}.Debug|Any CPU.ActiveCfg = Debug|Any CPU
		{EA343939-EE54-45EA-BCB1-9E2ABF6B4EEA}.Debug|Any CPU.Build.0 = Debug|Any CPU
		{EA343939-EE54-45EA-BCB1-9E2ABF6B4EEA}.Release|Any CPU.ActiveCfg = Release|Any CPU
		{EA343939-EE54-45EA-BCB1-9E2ABF6B4EEA}.Release|Any CPU.Build.0 = Release|Any CPU
	EndGlobalSection
	GlobalSection(SolutionProperties) = preSolution
		HideSolutionNode = FALSE
	EndGlobalSection
	GlobalSection(ExtensibilityGlobals) = postSolution
		SolutionGuid = {F335BB2C-8767-4C97-9FC7-CF1BE3840C96}
	EndGlobalSection
EndGlobal
