
Microsoft Visual Studio Solution File, Format Version 12.00
# Visual Studio Version 16
VisualStudioVersion = 16.0.31019.35
MinimumVisualStudioVersion = 10.0.40219.1
Project("{FAE04EC0-301F-11D3-BF4B-00C04F79EFBC}") = "Multiplication Table", "Multiplication Table\Multiplication Table.csproj", "{51EBE4B5-E46B-4E2E-BB61-05450ECBAA94}"
EndProject
Global
	GlobalSection(SolutionConfigurationPlatforms) = preSolution
		Debug|Any CPU = Debug|Any CPU
		Release|Any CPU = Release|Any CPU
	EndGlobalSection
	GlobalSection(ProjectConfigurationPlatforms) = postSolution
		{51EBE4B5-E46B-4E2E-BB61-05450ECBAA94}.Debug|Any CPU.ActiveCfg = Debug|Any CPU
		{51EBE4B5-E46B-4E2E-BB61-05450ECBAA94}.Debug|Any CPU.Build.0 = Debug|Any CPU
		{51EBE4B5-E46B-4E2E-BB61-05450ECBAA94}.Release|Any CPU.ActiveCfg = Release|Any CPU
		{51EBE4B5-E46B-4E2E-BB61-05450ECBAA94}.Release|Any CPU.Build.0 = Release|Any CPU
	EndGlobalSection
	GlobalSection(SolutionProperties) = preSolution
		HideSolutionNode = FALSE
	EndGlobalSection
	GlobalSection(ExtensibilityGlobals) = postSolution
		SolutionGuid = {CAC6BF4D-EA47-43CD-931C-775DE260F437}
	EndGlobalSection
EndGlobal
