
Microsoft Visual Studio Solution File, Format Version 12.00
# Visual Studio Version 16
VisualStudioVersion = 16.0.31019.35
MinimumVisualStudioVersion = 10.0.40219.1
Project("{FAE04EC0-301F-11D3-BF4B-00C04F79EFBC}") = "Numbers Ending in 7", "Numbers Ending in 7\Numbers Ending in 7.csproj", "{1173F4F7-9A85-45E4-B5E8-22B02DA0D4D1}"
EndProject
Global
	GlobalSection(SolutionConfigurationPlatforms) = preSolution
		Debug|Any CPU = Debug|Any CPU
		Release|Any CPU = Release|Any CPU
	EndGlobalSection
	GlobalSection(ProjectConfigurationPlatforms) = postSolution
		{1173F4F7-9A85-45E4-B5E8-22B02DA0D4D1}.Debug|Any CPU.ActiveCfg = Debug|Any CPU
		{1173F4F7-9A85-45E4-B5E8-22B02DA0D4D1}.Debug|Any CPU.Build.0 = Debug|Any CPU
		{1173F4F7-9A85-45E4-B5E8-22B02DA0D4D1}.Release|Any CPU.ActiveCfg = Release|Any CPU
		{1173F4F7-9A85-45E4-B5E8-22B02DA0D4D1}.Release|Any CPU.Build.0 = Release|Any CPU
	EndGlobalSection
	GlobalSection(SolutionProperties) = preSolution
		HideSolutionNode = FALSE
	EndGlobalSection
	GlobalSection(ExtensibilityGlobals) = postSolution
		SolutionGuid = {7CE7A98D-4799-42BB-82B3-083406D71B0E}
	EndGlobalSection
EndGlobal
