
Microsoft Visual Studio Solution File, Format Version 12.00
# Visual Studio Version 16
VisualStudioVersion = 16.0.31019.35
MinimumVisualStudioVersion = 10.0.40219.1
Project("{FAE04EC0-301F-11D3-BF4B-00C04F79EFBC}") = "Working Hours", "Working Hours\Working Hours.csproj", "{F05277CD-6051-4B08-B0DC-910C60751777}"
EndProject
Global
	GlobalSection(SolutionConfigurationPlatforms) = preSolution
		Debug|Any CPU = Debug|Any CPU
		Release|Any CPU = Release|Any CPU
	EndGlobalSection
	GlobalSection(ProjectConfigurationPlatforms) = postSolution
		{F05277CD-6051-4B08-B0DC-910C60751777}.Debug|Any CPU.ActiveCfg = Debug|Any CPU
		{F05277CD-6051-4B08-B0DC-910C60751777}.Debug|Any CPU.Build.0 = Debug|Any CPU
		{F05277CD-6051-4B08-B0DC-910C60751777}.Release|Any CPU.ActiveCfg = Release|Any CPU
		{F05277CD-6051-4B08-B0DC-910C60751777}.Release|Any CPU.Build.0 = Release|Any CPU
	EndGlobalSection
	GlobalSection(SolutionProperties) = preSolution
		HideSolutionNode = FALSE
	EndGlobalSection
	GlobalSection(ExtensibilityGlobals) = postSolution
		SolutionGuid = {6B218F18-F244-4B12-ACEA-D8E0968DA804}
	EndGlobalSection
EndGlobal
