
Microsoft Visual Studio Solution File, Format Version 12.00
# Visual Studio Version 16
VisualStudioVersion = 16.0.31129.286
MinimumVisualStudioVersion = 10.0.40219.1
Project("{FAE04EC0-301F-11D3-BF4B-00C04F79EFBC}") = "Extract File", "Extract File\Extract File.csproj", "{15D8B144-A524-425B-B4B6-38D73A1646C3}"
EndProject
Global
	GlobalSection(SolutionConfigurationPlatforms) = preSolution
		Debug|Any CPU = Debug|Any CPU
		Release|Any CPU = Release|Any CPU
	EndGlobalSection
	GlobalSection(ProjectConfigurationPlatforms) = postSolution
		{15D8B144-A524-425B-B4B6-38D73A1646C3}.Debug|Any CPU.ActiveCfg = Debug|Any CPU
		{15D8B144-A524-425B-B4B6-38D73A1646C3}.Debug|Any CPU.Build.0 = Debug|Any CPU
		{15D8B144-A524-425B-B4B6-38D73A1646C3}.Release|Any CPU.ActiveCfg = Release|Any CPU
		{15D8B144-A524-425B-B4B6-38D73A1646C3}.Release|Any CPU.Build.0 = Release|Any CPU
	EndGlobalSection
	GlobalSection(SolutionProperties) = preSolution
		HideSolutionNode = FALSE
	EndGlobalSection
	GlobalSection(ExtensibilityGlobals) = postSolution
		SolutionGuid = {2875D761-2D78-43AE-ACD4-C34DB1F3B83C}
	EndGlobalSection
EndGlobal
