
Microsoft Visual Studio Solution File, Format Version 12.00
# Visual Studio Version 16
VisualStudioVersion = 16.0.31129.286
MinimumVisualStudioVersion = 10.0.40219.1
Project("{FAE04EC0-301F-11D3-BF4B-00C04F79EFBC}") = "Multiply Evens by Odds", "Multiply Evens by Odds\Multiply Evens by Odds.csproj", "{1EABEAF9-BAE2-4FC3-AFFD-053D1B347CFF}"
EndProject
Global
	GlobalSection(SolutionConfigurationPlatforms) = preSolution
		Debug|Any CPU = Debug|Any CPU
		Release|Any CPU = Release|Any CPU
	EndGlobalSection
	GlobalSection(ProjectConfigurationPlatforms) = postSolution
		{1EABEAF9-BAE2-4FC3-AFFD-053D1B347CFF}.Debug|Any CPU.ActiveCfg = Debug|Any CPU
		{1EABEAF9-BAE2-4FC3-AFFD-053D1B347CFF}.Debug|Any CPU.Build.0 = Debug|Any CPU
		{1EABEAF9-BAE2-4FC3-AFFD-053D1B347CFF}.Release|Any CPU.ActiveCfg = Release|Any CPU
		{1EABEAF9-BAE2-4FC3-AFFD-053D1B347CFF}.Release|Any CPU.Build.0 = Release|Any CPU
	EndGlobalSection
	GlobalSection(SolutionProperties) = preSolution
		HideSolutionNode = FALSE
	EndGlobalSection
	GlobalSection(ExtensibilityGlobals) = postSolution
		SolutionGuid = {123D5DA8-45DB-46C6-94C5-D088F4F7C695}
	EndGlobalSection
EndGlobal
