
Microsoft Visual Studio Solution File, Format Version 12.00
# Visual Studio Version 16
VisualStudioVersion = 16.0.31129.286
MinimumVisualStudioVersion = 10.0.40219.1
Project("{FAE04EC0-301F-11D3-BF4B-00C04F79EFBC}") = "Math Power", "Math Power\Math Power.csproj", "{0B6E3CAA-147C-443C-A226-872D2478250A}"
EndProject
Global
	GlobalSection(SolutionConfigurationPlatforms) = preSolution
		Debug|Any CPU = Debug|Any CPU
		Release|Any CPU = Release|Any CPU
	EndGlobalSection
	GlobalSection(ProjectConfigurationPlatforms) = postSolution
		{0B6E3CAA-147C-443C-A226-872D2478250A}.Debug|Any CPU.ActiveCfg = Debug|Any CPU
		{0B6E3CAA-147C-443C-A226-872D2478250A}.Debug|Any CPU.Build.0 = Debug|Any CPU
		{0B6E3CAA-147C-443C-A226-872D2478250A}.Release|Any CPU.ActiveCfg = Release|Any CPU
		{0B6E3CAA-147C-443C-A226-872D2478250A}.Release|Any CPU.Build.0 = Release|Any CPU
	EndGlobalSection
	GlobalSection(SolutionProperties) = preSolution
		HideSolutionNode = FALSE
	EndGlobalSection
	GlobalSection(ExtensibilityGlobals) = postSolution
		SolutionGuid = {E5D79D0D-4BE5-4B93-98A9-E9315829C671}
	EndGlobalSection
EndGlobal
