
Microsoft Visual Studio Solution File, Format Version 12.00
# Visual Studio Version 16
VisualStudioVersion = 16.0.31019.35
MinimumVisualStudioVersion = 10.0.40219.1
Project("{FAE04EC0-301F-11D3-BF4B-00C04F79EFBC}") = "Centuries to Minutes", "Centuries to Minutes\Centuries to Minutes.csproj", "{C1044503-E591-40DE-8389-051E994487BA}"
EndProject
Global
	GlobalSection(SolutionConfigurationPlatforms) = preSolution
		Debug|Any CPU = Debug|Any CPU
		Release|Any CPU = Release|Any CPU
	EndGlobalSection
	GlobalSection(ProjectConfigurationPlatforms) = postSolution
		{C1044503-E591-40DE-8389-051E994487BA}.Debug|Any CPU.ActiveCfg = Debug|Any CPU
		{C1044503-E591-40DE-8389-051E994487BA}.Debug|Any CPU.Build.0 = Debug|Any CPU
		{C1044503-E591-40DE-8389-051E994487BA}.Release|Any CPU.ActiveCfg = Release|Any CPU
		{C1044503-E591-40DE-8389-051E994487BA}.Release|Any CPU.Build.0 = Release|Any CPU
	EndGlobalSection
	GlobalSection(SolutionProperties) = preSolution
		HideSolutionNode = FALSE
	EndGlobalSection
	GlobalSection(ExtensibilityGlobals) = postSolution
		SolutionGuid = {14647CBD-6168-4B6F-B75E-18834475FEB4}
	EndGlobalSection
EndGlobal
