
Microsoft Visual Studio Solution File, Format Version 12.00
# Visual Studio Version 16
VisualStudioVersion = 16.0.31019.35
MinimumVisualStudioVersion = 10.0.40219.1
Project("{FAE04EC0-301F-11D3-BF4B-00C04F79EFBC}") = "Back To The Past", "Back To The Past\Back To The Past.csproj", "{4715E028-F7A5-434E-BDE8-574D12E67632}"
EndProject
Global
	GlobalSection(SolutionConfigurationPlatforms) = preSolution
		Debug|Any CPU = Debug|Any CPU
		Release|Any CPU = Release|Any CPU
	EndGlobalSection
	GlobalSection(ProjectConfigurationPlatforms) = postSolution
		{4715E028-F7A5-434E-BDE8-574D12E67632}.Debug|Any CPU.ActiveCfg = Debug|Any CPU
		{4715E028-F7A5-434E-BDE8-574D12E67632}.Debug|Any CPU.Build.0 = Debug|Any CPU
		{4715E028-F7A5-434E-BDE8-574D12E67632}.Release|Any CPU.ActiveCfg = Release|Any CPU
		{4715E028-F7A5-434E-BDE8-574D12E67632}.Release|Any CPU.Build.0 = Release|Any CPU
	EndGlobalSection
	GlobalSection(SolutionProperties) = preSolution
		HideSolutionNode = FALSE
	EndGlobalSection
	GlobalSection(ExtensibilityGlobals) = postSolution
		SolutionGuid = {0325CF40-CC3E-41C2-A2CA-CA59E8E9D219}
	EndGlobalSection
EndGlobal
