
Microsoft Visual Studio Solution File, Format Version 12.00
# Visual Studio Version 16
VisualStudioVersion = 16.0.31129.286
MinimumVisualStudioVersion = 10.0.40219.1
Project("{FAE04EC0-301F-11D3-BF4B-00C04F79EFBC}") = "Top Integers", "Top Integers\Top Integers.csproj", "{B5627A82-23BF-4709-BB5E-FF9934525304}"
EndProject
Global
	GlobalSection(SolutionConfigurationPlatforms) = preSolution
		Debug|Any CPU = Debug|Any CPU
		Release|Any CPU = Release|Any CPU
	EndGlobalSection
	GlobalSection(ProjectConfigurationPlatforms) = postSolution
		{B5627A82-23BF-4709-BB5E-FF9934525304}.Debug|Any CPU.ActiveCfg = Debug|Any CPU
		{B5627A82-23BF-4709-BB5E-FF9934525304}.Debug|Any CPU.Build.0 = Debug|Any CPU
		{B5627A82-23BF-4709-BB5E-FF9934525304}.Release|Any CPU.ActiveCfg = Release|Any CPU
		{B5627A82-23BF-4709-BB5E-FF9934525304}.Release|Any CPU.Build.0 = Release|Any CPU
	EndGlobalSection
	GlobalSection(SolutionProperties) = preSolution
		HideSolutionNode = FALSE
	EndGlobalSection
	GlobalSection(ExtensibilityGlobals) = postSolution
		SolutionGuid = {D1CAF63A-9530-4C7E-B32A-493EADAD1717}
	EndGlobalSection
EndGlobal
