
Microsoft Visual Studio Solution File, Format Version 12.00
# Visual Studio Version 16
VisualStudioVersion = 16.0.31019.35
MinimumVisualStudioVersion = 10.0.40219.1
Project("{FAE04EC0-301F-11D3-BF4B-00C04F79EFBC}") = "Fitness Center", "Fitness Center\Fitness Center.csproj", "{A8E59F56-6525-49A1-ADA7-0D76D9F85F2D}"
EndProject
Global
	GlobalSection(SolutionConfigurationPlatforms) = preSolution
		Debug|Any CPU = Debug|Any CPU
		Release|Any CPU = Release|Any CPU
	EndGlobalSection
	GlobalSection(ProjectConfigurationPlatforms) = postSolution
		{A8E59F56-6525-49A1-ADA7-0D76D9F85F2D}.Debug|Any CPU.ActiveCfg = Debug|Any CPU
		{A8E59F56-6525-49A1-ADA7-0D76D9F85F2D}.Debug|Any CPU.Build.0 = Debug|Any CPU
		{A8E59F56-6525-49A1-ADA7-0D76D9F85F2D}.Release|Any CPU.ActiveCfg = Release|Any CPU
		{A8E59F56-6525-49A1-ADA7-0D76D9F85F2D}.Release|Any CPU.Build.0 = Release|Any CPU
	EndGlobalSection
	GlobalSection(SolutionProperties) = preSolution
		HideSolutionNode = FALSE
	EndGlobalSection
	GlobalSection(ExtensibilityGlobals) = postSolution
		SolutionGuid = {3C0D1957-D8B0-4F57-B670-333C053EED4C}
	EndGlobalSection
EndGlobal
