
Microsoft Visual Studio Solution File, Format Version 12.00
# Visual Studio Version 16
VisualStudioVersion = 16.0.31019.35
MinimumVisualStudioVersion = 10.0.40219.1
Project("{FAE04EC0-301F-11D3-BF4B-00C04F79EFBC}") = "Report System", "Report System\Report System.csproj", "{6EAC22D0-0577-4ED7-BFDB-2CE916046154}"
EndProject
Global
	GlobalSection(SolutionConfigurationPlatforms) = preSolution
		Debug|Any CPU = Debug|Any CPU
		Release|Any CPU = Release|Any CPU
	EndGlobalSection
	GlobalSection(ProjectConfigurationPlatforms) = postSolution
		{6EAC22D0-0577-4ED7-BFDB-2CE916046154}.Debug|Any CPU.ActiveCfg = Debug|Any CPU
		{6EAC22D0-0577-4ED7-BFDB-2CE916046154}.Debug|Any CPU.Build.0 = Debug|Any CPU
		{6EAC22D0-0577-4ED7-BFDB-2CE916046154}.Release|Any CPU.ActiveCfg = Release|Any CPU
		{6EAC22D0-0577-4ED7-BFDB-2CE916046154}.Release|Any CPU.Build.0 = Release|Any CPU
	EndGlobalSection
	GlobalSection(SolutionProperties) = preSolution
		HideSolutionNode = FALSE
	EndGlobalSection
	GlobalSection(ExtensibilityGlobals) = postSolution
		SolutionGuid = {4859F588-D19F-4050-87BE-A00915F731CE}
	EndGlobalSection
EndGlobal
