
Microsoft Visual Studio Solution File, Format Version 12.00
# Visual Studio Version 16
VisualStudioVersion = 16.0.31129.286
MinimumVisualStudioVersion = 10.0.40219.1
Project("{FAE04EC0-301F-11D3-BF4B-00C04F79EFBC}") = "Randomize Words", "Randomize Words\Randomize Words.csproj", "{CA4FCC3C-C0D6-403C-BA0E-61734A5F46EB}"
EndProject
Global
	GlobalSection(SolutionConfigurationPlatforms) = preSolution
		Debug|Any CPU = Debug|Any CPU
		Release|Any CPU = Release|Any CPU
	EndGlobalSection
	GlobalSection(ProjectConfigurationPlatforms) = postSolution
		{CA4FCC3C-C0D6-403C-BA0E-61734A5F46EB}.Debug|Any CPU.ActiveCfg = Debug|Any CPU
		{CA4FCC3C-C0D6-403C-BA0E-61734A5F46EB}.Debug|Any CPU.Build.0 = Debug|Any CPU
		{CA4FCC3C-C0D6-403C-BA0E-61734A5F46EB}.Release|Any CPU.ActiveCfg = Release|Any CPU
		{CA4FCC3C-C0D6-403C-BA0E-61734A5F46EB}.Release|Any CPU.Build.0 = Release|Any CPU
	EndGlobalSection
	GlobalSection(SolutionProperties) = preSolution
		HideSolutionNode = FALSE
	EndGlobalSection
	GlobalSection(ExtensibilityGlobals) = postSolution
		SolutionGuid = {0DDF95C2-4DD7-4CEE-B998-06D0EB7D053F}
	EndGlobalSection
EndGlobal
