
Microsoft Visual Studio Solution File, Format Version 12.00
# Visual Studio Version 16
VisualStudioVersion = 16.0.31129.286
MinimumVisualStudioVersion = 10.0.40219.1
Project("{FAE04EC0-301F-11D3-BF4B-00C04F79EFBC}") = "House Party", "House Party\House Party.csproj", "{E704A723-CE39-4A5B-980D-F88C1C2B298D}"
EndProject
Global
	GlobalSection(SolutionConfigurationPlatforms) = preSolution
		Debug|Any CPU = Debug|Any CPU
		Release|Any CPU = Release|Any CPU
	EndGlobalSection
	GlobalSection(ProjectConfigurationPlatforms) = postSolution
		{E704A723-CE39-4A5B-980D-F88C1C2B298D}.Debug|Any CPU.ActiveCfg = Debug|Any CPU
		{E704A723-CE39-4A5B-980D-F88C1C2B298D}.Debug|Any CPU.Build.0 = Debug|Any CPU
		{E704A723-CE39-4A5B-980D-F88C1C2B298D}.Release|Any CPU.ActiveCfg = Release|Any CPU
		{E704A723-CE39-4A5B-980D-F88C1C2B298D}.Release|Any CPU.Build.0 = Release|Any CPU
	EndGlobalSection
	GlobalSection(SolutionProperties) = preSolution
		HideSolutionNode = FALSE
	EndGlobalSection
	GlobalSection(ExtensibilityGlobals) = postSolution
		SolutionGuid = {B0970C9C-E818-42A0-B3BD-A7754973737F}
	EndGlobalSection
EndGlobal
