
Microsoft Visual Studio Solution File, Format Version 12.00
# Visual Studio Version 16
VisualStudioVersion = 16.0.31129.286
MinimumVisualStudioVersion = 10.0.40219.1
Project("{FAE04EC0-301F-11D3-BF4B-00C04F79EFBC}") = "Substring", "Substring\Substring.csproj", "{F80F8528-3782-47BD-BFFB-DA75CEBD5A4D}"
EndProject
Global
	GlobalSection(SolutionConfigurationPlatforms) = preSolution
		Debug|Any CPU = Debug|Any CPU
		Release|Any CPU = Release|Any CPU
	EndGlobalSection
	GlobalSection(ProjectConfigurationPlatforms) = postSolution
		{F80F8528-3782-47BD-BFFB-DA75CEBD5A4D}.Debug|Any CPU.ActiveCfg = Debug|Any CPU
		{F80F8528-3782-47BD-BFFB-DA75CEBD5A4D}.Debug|Any CPU.Build.0 = Debug|Any CPU
		{F80F8528-3782-47BD-BFFB-DA75CEBD5A4D}.Release|Any CPU.ActiveCfg = Release|Any CPU
		{F80F8528-3782-47BD-BFFB-DA75CEBD5A4D}.Release|Any CPU.Build.0 = Release|Any CPU
	EndGlobalSection
	GlobalSection(SolutionProperties) = preSolution
		HideSolutionNode = FALSE
	EndGlobalSection
	GlobalSection(ExtensibilityGlobals) = postSolution
		SolutionGuid = {986B652A-C86B-49DE-9DC5-F4B3F748E622}
	EndGlobalSection
EndGlobal
