
Microsoft Visual Studio Solution File, Format Version 12.00
# Visual Studio Version 16
VisualStudioVersion = 16.0.31129.286
MinimumVisualStudioVersion = 10.0.40219.1
Project("{FAE04EC0-301F-11D3-BF4B-00C04F79EFBC}") = "Method Exercise10", "Method Exercise10\Method Exercise10.csproj", "{B2B1133E-A097-4385-B09C-8140BEFD2F4F}"
EndProject
Global
	GlobalSection(SolutionConfigurationPlatforms) = preSolution
		Debug|Any CPU = Debug|Any CPU
		Release|Any CPU = Release|Any CPU
	EndGlobalSection
	GlobalSection(ProjectConfigurationPlatforms) = postSolution
		{B2B1133E-A097-4385-B09C-8140BEFD2F4F}.Debug|Any CPU.ActiveCfg = Debug|Any CPU
		{B2B1133E-A097-4385-B09C-8140BEFD2F4F}.Debug|Any CPU.Build.0 = Debug|Any CPU
		{B2B1133E-A097-4385-B09C-8140BEFD2F4F}.Release|Any CPU.ActiveCfg = Release|Any CPU
		{B2B1133E-A097-4385-B09C-8140BEFD2F4F}.Release|Any CPU.Build.0 = Release|Any CPU
	EndGlobalSection
	GlobalSection(SolutionProperties) = preSolution
		HideSolutionNode = FALSE
	EndGlobalSection
	GlobalSection(ExtensibilityGlobals) = postSolution
		SolutionGuid = {401A5F9E-D02B-42D0-9EAF-5EDE079217F3}
	EndGlobalSection
EndGlobal
