
Microsoft Visual Studio Solution File, Format Version 12.00
# Visual Studio Version 16
VisualStudioVersion = 16.0.31129.286
MinimumVisualStudioVersion = 10.0.40219.1
Project("{FAE04EC0-301F-11D3-BF4B-00C04F79EFBC}") = "List of Products", "List of Products\List of Products.csproj", "{B01C987C-4A34-4E11-AEFC-C5AEB93E1575}"
EndProject
Global
	GlobalSection(SolutionConfigurationPlatforms) = preSolution
		Debug|Any CPU = Debug|Any CPU
		Release|Any CPU = Release|Any CPU
	EndGlobalSection
	GlobalSection(ProjectConfigurationPlatforms) = postSolution
		{B01C987C-4A34-4E11-AEFC-C5AEB93E1575}.Debug|Any CPU.ActiveCfg = Debug|Any CPU
		{B01C987C-4A34-4E11-AEFC-C5AEB93E1575}.Debug|Any CPU.Build.0 = Debug|Any CPU
		{B01C987C-4A34-4E11-AEFC-C5AEB93E1575}.Release|Any CPU.ActiveCfg = Release|Any CPU
		{B01C987C-4A34-4E11-AEFC-C5AEB93E1575}.Release|Any CPU.Build.0 = Release|Any CPU
	EndGlobalSection
	GlobalSection(SolutionProperties) = preSolution
		HideSolutionNode = FALSE
	EndGlobalSection
	GlobalSection(ExtensibilityGlobals) = postSolution
		SolutionGuid = {3F6AEEE3-2190-487A-90FD-4BED0DF861C8}
	EndGlobalSection
EndGlobal
