
Microsoft Visual Studio Solution File, Format Version 12.00
# Visual Studio Version 16
VisualStudioVersion = 16.0.31129.286
MinimumVisualStudioVersion = 10.0.40219.1
Project("{FAE04EC0-301F-11D3-BF4B-00C04F79EFBC}") = "Vehicle Catalogue", "Vehicle Catalogue\Vehicle Catalogue.csproj", "{AC9A3203-D7AD-4BC7-988E-B04B3DBF201D}"
EndProject
Global
	GlobalSection(SolutionConfigurationPlatforms) = preSolution
		Debug|Any CPU = Debug|Any CPU
		Release|Any CPU = Release|Any CPU
	EndGlobalSection
	GlobalSection(ProjectConfigurationPlatforms) = postSolution
		{AC9A3203-D7AD-4BC7-988E-B04B3DBF201D}.Debug|Any CPU.ActiveCfg = Debug|Any CPU
		{AC9A3203-D7AD-4BC7-988E-B04B3DBF201D}.Debug|Any CPU.Build.0 = Debug|Any CPU
		{AC9A3203-D7AD-4BC7-988E-B04B3DBF201D}.Release|Any CPU.ActiveCfg = Release|Any CPU
		{AC9A3203-D7AD-4BC7-988E-B04B3DBF201D}.Release|Any CPU.Build.0 = Release|Any CPU
	EndGlobalSection
	GlobalSection(SolutionProperties) = preSolution
		HideSolutionNode = FALSE
	EndGlobalSection
	GlobalSection(ExtensibilityGlobals) = postSolution
		SolutionGuid = {1A1AEEA5-01AB-4AB5-BF85-2F71A9255D8E}
	EndGlobalSection
EndGlobal
