
Microsoft Visual Studio Solution File, Format Version 12.00
# Visual Studio Version 16
VisualStudioVersion = 16.0.31129.286
MinimumVisualStudioVersion = 10.0.40219.1
Project("{FAE04EC0-301F-11D3-BF4B-00C04F79EFBC}") = "Encrypt, Sort and Print Array2", "Encrypt, Sort and Print Array2\Encrypt, Sort and Print Array2.csproj", "{07049292-A05F-4C6A-A158-8FE8D803399C}"
EndProject
Global
	GlobalSection(SolutionConfigurationPlatforms) = preSolution
		Debug|Any CPU = Debug|Any CPU
		Release|Any CPU = Release|Any CPU
	EndGlobalSection
	GlobalSection(ProjectConfigurationPlatforms) = postSolution
		{07049292-A05F-4C6A-A158-8FE8D803399C}.Debug|Any CPU.ActiveCfg = Debug|Any CPU
		{07049292-A05F-4C6A-A158-8FE8D803399C}.Debug|Any CPU.Build.0 = Debug|Any CPU
		{07049292-A05F-4C6A-A158-8FE8D803399C}.Release|Any CPU.ActiveCfg = Release|Any CPU
		{07049292-A05F-4C6A-A158-8FE8D803399C}.Release|Any CPU.Build.0 = Release|Any CPU
	EndGlobalSection
	GlobalSection(SolutionProperties) = preSolution
		HideSolutionNode = FALSE
	EndGlobalSection
	GlobalSection(ExtensibilityGlobals) = postSolution
		SolutionGuid = {32C95FC6-2DA5-4E7F-B305-07701EA0CA33}
	EndGlobalSection
EndGlobal
