
Microsoft Visual Studio Solution File, Format Version 12.00
# Visual Studio Version 16
VisualStudioVersion = 16.0.31019.35
MinimumVisualStudioVersion = 10.0.40219.1
Project("{FAE04EC0-301F-11D3-BF4B-00C04F79EFBC}") = "Greater Number", "Greater Number\Greater Number.csproj", "{216CE956-1331-41EA-AF36-CA8B5D9A670C}"
EndProject
Global
	GlobalSection(SolutionConfigurationPlatforms) = preSolution
		Debug|Any CPU = Debug|Any CPU
		Release|Any CPU = Release|Any CPU
	EndGlobalSection
	GlobalSection(ProjectConfigurationPlatforms) = postSolution
		{216CE956-1331-41EA-AF36-CA8B5D9A670C}.Debug|Any CPU.ActiveCfg = Debug|Any CPU
		{216CE956-1331-41EA-AF36-CA8B5D9A670C}.Debug|Any CPU.Build.0 = Debug|Any CPU
		{216CE956-1331-41EA-AF36-CA8B5D9A670C}.Release|Any CPU.ActiveCfg = Release|Any CPU
		{216CE956-1331-41EA-AF36-CA8B5D9A670C}.Release|Any CPU.Build.0 = Release|Any CPU
	EndGlobalSection
	GlobalSection(SolutionProperties) = preSolution
		HideSolutionNode = FALSE
	EndGlobalSection
	GlobalSection(ExtensibilityGlobals) = postSolution
		SolutionGuid = {FB7E0007-B701-472A-8DC6-B128EE6117CF}
	EndGlobalSection
EndGlobal
