
Microsoft Visual Studio Solution File, Format Version 12.00
# Visual Studio Version 16
VisualStudioVersion = 16.0.31019.35
MinimumVisualStudioVersion = 10.0.40219.1
Project("{FAE04EC0-301F-11D3-BF4B-00C04F79EFBC}") = "Volleyball", "Volleyball\Volleyball.csproj", "{FFDF8263-11D4-4772-954C-19813BD8F899}"
EndProject
Global
	GlobalSection(SolutionConfigurationPlatforms) = preSolution
		Debug|Any CPU = Debug|Any CPU
		Release|Any CPU = Release|Any CPU
	EndGlobalSection
	GlobalSection(ProjectConfigurationPlatforms) = postSolution
		{FFDF8263-11D4-4772-954C-19813BD8F899}.Debug|Any CPU.ActiveCfg = Debug|Any CPU
		{FFDF8263-11D4-4772-954C-19813BD8F899}.Debug|Any CPU.Build.0 = Debug|Any CPU
		{FFDF8263-11D4-4772-954C-19813BD8F899}.Release|Any CPU.ActiveCfg = Release|Any CPU
		{FFDF8263-11D4-4772-954C-19813BD8F899}.Release|Any CPU.Build.0 = Release|Any CPU
	EndGlobalSection
	GlobalSection(SolutionProperties) = preSolution
		HideSolutionNode = FALSE
	EndGlobalSection
	GlobalSection(ExtensibilityGlobals) = postSolution
		SolutionGuid = {C16011A9-575D-419C-9258-2AE191395848}
	EndGlobalSection
EndGlobal
