
Microsoft Visual Studio Solution File, Format Version 12.00
# Visual Studio Version 16
VisualStudioVersion = 16.0.31019.35
MinimumVisualStudioVersion = 10.0.40219.1
Project("{FAE04EC0-301F-11D3-BF4B-00C04F79EFBC}") = "Small Shop", "Small Shop\Small Shop.csproj", "{0C6CE878-798C-474A-B766-C4C6CDD26848}"
EndProject
Global
	GlobalSection(SolutionConfigurationPlatforms) = preSolution
		Debug|Any CPU = Debug|Any CPU
		Release|Any CPU = Release|Any CPU
	EndGlobalSection
	GlobalSection(ProjectConfigurationPlatforms) = postSolution
		{0C6CE878-798C-474A-B766-C4C6CDD26848}.Debug|Any CPU.ActiveCfg = Debug|Any CPU
		{0C6CE878-798C-474A-B766-C4C6CDD26848}.Debug|Any CPU.Build.0 = Debug|Any CPU
		{0C6CE878-798C-474A-B766-C4C6CDD26848}.Release|Any CPU.ActiveCfg = Release|Any CPU
		{0C6CE878-798C-474A-B766-C4C6CDD26848}.Release|Any CPU.Build.0 = Release|Any CPU
	EndGlobalSection
	GlobalSection(SolutionProperties) = preSolution
		HideSolutionNode = FALSE
	EndGlobalSection
	GlobalSection(ExtensibilityGlobals) = postSolution
		SolutionGuid = {AA825A7D-821A-462C-A90F-51DB0DED4A07}
	EndGlobalSection
EndGlobal
